
Microsoft Visual Studio Solution File, Format Version 12.00
# Visual Studio Version 17
VisualStudioVersion = 17.6.33723.286
MinimumVisualStudioVersion = 10.0.40219.1
Project("{FAE04EC0-301F-11D3-BF4B-00C04F79EFBC}") = "Suma10_Evalart", "Suma10_Evalart\Suma10_Evalart.csproj", "{54A6B7BD-6B12-45B2-A32C-D35AD2EF3F29}"
EndProject
Global
	GlobalSection(SolutionConfigurationPlatforms) = preSolution
		Debug|Any CPU = Debug|Any CPU
		Release|Any CPU = Release|Any CPU
	EndGlobalSection
	GlobalSection(ProjectConfigurationPlatforms) = postSolution
		{54A6B7BD-6B12-45B2-A32C-D35AD2EF3F29}.Debug|Any CPU.ActiveCfg = Debug|Any CPU
		{54A6B7BD-6B12-45B2-A32C-D35AD2EF3F29}.Debug|Any CPU.Build.0 = Debug|Any CPU
		{54A6B7BD-6B12-45B2-A32C-D35AD2EF3F29}.Release|Any CPU.ActiveCfg = Release|Any CPU
		{54A6B7BD-6B12-45B2-A32C-D35AD2EF3F29}.Release|Any CPU.Build.0 = Release|Any CPU
	EndGlobalSection
	GlobalSection(SolutionProperties) = preSolution
		HideSolutionNode = FALSE
	EndGlobalSection
	GlobalSection(ExtensibilityGlobals) = postSolution
		SolutionGuid = {BB43F204-C115-4B8C-9F16-270284F6D905}
	EndGlobalSection
EndGlobal
